
Microsoft Visual Studio Solution File, Format Version 12.00
# Visual Studio Version 16
VisualStudioVersion = 16.0.29311.281
MinimumVisualStudioVersion = 10.0.40219.1
Project("{FAE04EC0-301F-11D3-BF4B-00C04F79EFBC}") = "LibrarySystem", "LibrarySystem.csproj", "{2CE7E258-6440-4ADF-85DF-687264A7671B}"
EndProject
Global
	GlobalSection(SolutionConfigurationPlatforms) = preSolution
		Debug|Any CPU = Debug|Any CPU
		Release|Any CPU = Release|Any CPU
	EndGlobalSection
	GlobalSection(ProjectConfigurationPlatforms) = postSolution
		{2CE7E258-6440-4ADF-85DF-687264A7671B}.Debug|Any CPU.ActiveCfg = Debug|Any CPU
		{2CE7E258-6440-4ADF-85DF-687264A7671B}.Debug|Any CPU.Build.0 = Debug|Any CPU
		{2CE7E258-6440-4ADF-85DF-687264A7671B}.Release|Any CPU.ActiveCfg = Release|Any CPU
		{2CE7E258-6440-4ADF-85DF-687264A7671B}.Release|Any CPU.Build.0 = Release|Any CPU
	EndGlobalSection
	GlobalSection(SolutionProperties) = preSolution
		HideSolutionNode = FALSE
	EndGlobalSection
	GlobalSection(ExtensibilityGlobals) = postSolution
		SolutionGuid = {D62E2478-BE84-4DC5-AFCA-BC7B478BC416}
	EndGlobalSection
EndGlobal
